
Microsoft Visual Studio Solution File, Format Version 12.00
# Visual Studio Version 16
VisualStudioVersion = 16.0.31402.337
MinimumVisualStudioVersion = 10.0.40219.1
Project("{FAE04EC0-301F-11D3-BF4B-00C04F79EFBC}") = "HomeworkClassFirst", "HomeworkClassFirst\HomeworkClassFirst.csproj", "{C826C088-B8B9-4FB9-AEBF-91EB90701C7E}"
EndProject
Global
	GlobalSection(SolutionConfigurationPlatforms) = preSolution
		Debug|Any CPU = Debug|Any CPU
		Release|Any CPU = Release|Any CPU
	EndGlobalSection
	GlobalSection(ProjectConfigurationPlatforms) = postSolution
		{C826C088-B8B9-4FB9-AEBF-91EB90701C7E}.Debug|Any CPU.ActiveCfg = Debug|Any CPU
		{C826C088-B8B9-4FB9-AEBF-91EB90701C7E}.Debug|Any CPU.Build.0 = Debug|Any CPU
		{C826C088-B8B9-4FB9-AEBF-91EB90701C7E}.Release|Any CPU.ActiveCfg = Release|Any CPU
		{C826C088-B8B9-4FB9-AEBF-91EB90701C7E}.Release|Any CPU.Build.0 = Release|Any CPU
	EndGlobalSection
	GlobalSection(SolutionProperties) = preSolution
		HideSolutionNode = FALSE
	EndGlobalSection
	GlobalSection(ExtensibilityGlobals) = postSolution
		SolutionGuid = {2772C58A-CE04-4582-B132-56674EAC106A}
	EndGlobalSection
EndGlobal
